
Microsoft Visual Studio Solution File, Format Version 12.00
# Visual Studio Version 16
VisualStudioVersion = 16.0.30114.105
MinimumVisualStudioVersion = 10.0.40219.1
Project("{FAE04EC0-301F-11D3-BF4B-00C04F79EFBC}") = "api", "api\api.csproj", "{E98977E3-5636-4FE7-B602-D4169CF1EDBA}"
EndProject
Project("{FAE04EC0-301F-11D3-BF4B-00C04F79EFBC}") = "Core", "Core\Core.csproj", "{F89D86A8-B8BB-40AE-833B-6D989BC175F5}"
EndProject
Project("{FAE04EC0-301F-11D3-BF4B-00C04F79EFBC}") = "Infrastructure", "Infrastructure\Infrastructure.csproj", "{D286CE95-70D2-4F68-AD45-79CBD188865E}"
EndProject
Global
	GlobalSection(SolutionConfigurationPlatforms) = preSolution
		Debug|Any CPU = Debug|Any CPU
		Release|Any CPU = Release|Any CPU
	EndGlobalSection
	GlobalSection(SolutionProperties) = preSolution
		HideSolutionNode = FALSE
	EndGlobalSection
	GlobalSection(ProjectConfigurationPlatforms) = postSolution
		{E98977E3-5636-4FE7-B602-D4169CF1EDBA}.Debug|Any CPU.ActiveCfg = Debug|Any CPU
		{E98977E3-5636-4FE7-B602-D4169CF1EDBA}.Debug|Any CPU.Build.0 = Debug|Any CPU
		{E98977E3-5636-4FE7-B602-D4169CF1EDBA}.Release|Any CPU.ActiveCfg = Release|Any CPU
		{E98977E3-5636-4FE7-B602-D4169CF1EDBA}.Release|Any CPU.Build.0 = Release|Any CPU
		{F89D86A8-B8BB-40AE-833B-6D989BC175F5}.Debug|Any CPU.ActiveCfg = Debug|Any CPU
		{F89D86A8-B8BB-40AE-833B-6D989BC175F5}.Debug|Any CPU.Build.0 = Debug|Any CPU
		{F89D86A8-B8BB-40AE-833B-6D989BC175F5}.Release|Any CPU.ActiveCfg = Release|Any CPU
		{F89D86A8-B8BB-40AE-833B-6D989BC175F5}.Release|Any CPU.Build.0 = Release|Any CPU
		{D286CE95-70D2-4F68-AD45-79CBD188865E}.Debug|Any CPU.ActiveCfg = Debug|Any CPU
		{D286CE95-70D2-4F68-AD45-79CBD188865E}.Debug|Any CPU.Build.0 = Debug|Any CPU
		{D286CE95-70D2-4F68-AD45-79CBD188865E}.Release|Any CPU.ActiveCfg = Release|Any CPU
		{D286CE95-70D2-4F68-AD45-79CBD188865E}.Release|Any CPU.Build.0 = Release|Any CPU
	EndGlobalSection
EndGlobal
